
Microsoft Visual Studio Solution File, Format Version 12.00
# Visual Studio Version 17
VisualStudioVersion = 17.14.36310.24 d17.14
MinimumVisualStudioVersion = 10.0.40219.1
Project("{FAE04EC0-301F-11D3-BF4B-00C04F79EFBC}") = "FremeworkFile", "FremeworkFile\FremeworkFile.csproj", "{D83DC371-1D9A-47EF-91B0-E129B98E6865}"
EndProject
Global
	GlobalSection(SolutionConfigurationPlatforms) = preSolution
		Debug|Any CPU = Debug|Any CPU
		Release|Any CPU = Release|Any CPU
	EndGlobalSection
	GlobalSection(ProjectConfigurationPlatforms) = postSolution
		{D83DC371-1D9A-47EF-91B0-E129B98E6865}.Debug|Any CPU.ActiveCfg = Debug|Any CPU
		{D83DC371-1D9A-47EF-91B0-E129B98E6865}.Debug|Any CPU.Build.0 = Debug|Any CPU
		{D83DC371-1D9A-47EF-91B0-E129B98E6865}.Release|Any CPU.ActiveCfg = Release|Any CPU
		{D83DC371-1D9A-47EF-91B0-E129B98E6865}.Release|Any CPU.Build.0 = Release|Any CPU
	EndGlobalSection
	GlobalSection(SolutionProperties) = preSolution
		HideSolutionNode = FALSE
	EndGlobalSection
	GlobalSection(ExtensibilityGlobals) = postSolution
		SolutionGuid = {CFF6C67D-9E5D-4C09-A3DF-DE3B45BF9A67}
	EndGlobalSection
EndGlobal
